// !$*UTF8*$!
{
	archiveVersion = 1;
	classes = {
	};
	objectVersion = 52;
	objects = {

/* Begin PBXBuildFile section */
		C11D3B912357B86C0042BEC8 /* README.md in Resources */ = {isa = PBXBuildFile; fileRef = C11D3B902357B86C0042BEC8 /* README.md */; };
		C183B9C623567DE3001356CA /* unsplash_swift.framework in Frameworks */ = {isa = PBXBuildFile; fileRef = C183B9BC23567DE3001356CA /* unsplash_swift.framework */; };
		C183B9CB23567DE3001356CA /* unsplash_swiftTests.swift in Sources */ = {isa = PBXBuildFile; fileRef = C183B9CA23567DE3001356CA /* unsplash_swiftTests.swift */; };
		C183B9CD23567DE3001356CA /* unsplash_swift.h in Headers */ = {isa = PBXBuildFile; fileRef = C183B9BF23567DE3001356CA /* unsplash_swift.h */; settings = {ATTRIBUTES = (Public, ); }; };
		C183B9DF23568030001356CA /* Unsplash.swift in Sources */ = {isa = PBXBuildFile; fileRef = C183B9DE23568030001356CA /* Unsplash.swift */; };
		C183B9E22356820F001356CA /* Codable-Utils in Frameworks */ = {isa = PBXBuildFile; productRef = C183B9E12356820F001356CA /* Codable-Utils */; };
		C183B9E42356823E001356CA /* Photo.json in Resources */ = {isa = PBXBuildFile; fileRef = C183B9E32356823E001356CA /* Photo.json */; };
/* End PBXBuildFile section */

/* Begin PBXContainerItemProxy section */
		C183B9C723567DE3001356CA /* PBXContainerItemProxy */ = {
			isa = PBXContainerItemProxy;
			containerPortal = C183B9B323567DE3001356CA /* Project object */;
			proxyType = 1;
			remoteGlobalIDString = C183B9BB23567DE3001356CA;
			remoteInfo = "unsplash-swift";
		};
/* End PBXContainerItemProxy section */

/* Begin PBXFileReference section */
		C11D3B902357B86C0042BEC8 /* README.md */ = {isa = PBXFileReference; fileEncoding = 4; lastKnownFileType = net.daringfireball.markdown; path = README.md; sourceTree = "<group>"; };
		C183B9BC23567DE3001356CA /* unsplash_swift.framework */ = {isa = PBXFileReference; explicitFileType = wrapper.framework; includeInIndex = 0; path = unsplash_swift.framework; sourceTree = BUILT_PRODUCTS_DIR; };
		C183B9BF23567DE3001356CA /* unsplash_swift.h */ = {isa = PBXFileReference; lastKnownFileType = sourcecode.c.h; path = unsplash_swift.h; sourceTree = "<group>"; };
		C183B9C023567DE3001356CA /* Info.plist */ = {isa = PBXFileReference; lastKnownFileType = text.plist.xml; path = Info.plist; sourceTree = "<group>"; };
		C183B9C523567DE3001356CA /* unsplash-swiftTests.xctest */ = {isa = PBXFileReference; explicitFileType = wrapper.cfbundle; includeInIndex = 0; path = "unsplash-swiftTests.xctest"; sourceTree = BUILT_PRODUCTS_DIR; };
		C183B9CA23567DE3001356CA /* unsplash_swiftTests.swift */ = {isa = PBXFileReference; lastKnownFileType = sourcecode.swift; path = unsplash_swiftTests.swift; sourceTree = "<group>"; };
		C183B9CC23567DE3001356CA /* Info.plist */ = {isa = PBXFileReference; lastKnownFileType = text.plist.xml; path = Info.plist; sourceTree = "<group>"; };
		C183B9DE23568030001356CA /* Unsplash.swift */ = {isa = PBXFileReference; fileEncoding = 4; lastKnownFileType = sourcecode.swift; path = Unsplash.swift; sourceTree = "<group>"; };
		C183B9E32356823E001356CA /* Photo.json */ = {isa = PBXFileReference; fileEncoding = 4; lastKnownFileType = text.json; path = Photo.json; sourceTree = "<group>"; };
		C183B9EB23568A21001356CA /* Package.resolved */ = {isa = PBXFileReference; lastKnownFileType = text; path = Package.resolved; sourceTree = "<group>"; };
		C183B9EC23568A21001356CA /* Package.swift */ = {isa = PBXFileReference; lastKnownFileType = sourcecode.swift; path = Package.swift; sourceTree = "<group>"; };
/* End PBXFileReference section */

/* Begin PBXFrameworksBuildPhase section */
		C183B9B923567DE3001356CA /* Frameworks */ = {
			isa = PBXFrameworksBuildPhase;
			buildActionMask = 2147483647;
			files = (
				C183B9E22356820F001356CA /* Codable-Utils in Frameworks */,
			);
			runOnlyForDeploymentPostprocessing = 0;
		};
		C183B9C223567DE3001356CA /* Frameworks */ = {
			isa = PBXFrameworksBuildPhase;
			buildActionMask = 2147483647;
			files = (
				C183B9C623567DE3001356CA /* unsplash_swift.framework in Frameworks */,
			);
			runOnlyForDeploymentPostprocessing = 0;
		};
/* End PBXFrameworksBuildPhase section */

/* Begin PBXGroup section */
		C183B9B223567DE3001356CA = {
			isa = PBXGroup;
			children = (
				C183B9EA23568A0D001356CA /* Deployment */,
				C183B9BE23567DE3001356CA /* Source */,
				C183B9C923567DE3001356CA /* Tests */,
				C183B9BD23567DE3001356CA /* Products */,
			);
			sourceTree = "<group>";
		};
		C183B9BD23567DE3001356CA /* Products */ = {
			isa = PBXGroup;
			children = (
				C183B9BC23567DE3001356CA /* unsplash_swift.framework */,
				C183B9C523567DE3001356CA /* unsplash-swiftTests.xctest */,
			);
			name = Products;
			sourceTree = "<group>";
		};
		C183B9BE23567DE3001356CA /* Source */ = {
			isa = PBXGroup;
			children = (
				C183B9DE23568030001356CA /* Unsplash.swift */,
				C183B9DD23568003001356CA /* Supporting Files */,
			);
			path = Source;
			sourceTree = "<group>";
		};
		C183B9C923567DE3001356CA /* Tests */ = {
			isa = PBXGroup;
			children = (
				C183B9CA23567DE3001356CA /* unsplash_swiftTests.swift */,
				C183B9E32356823E001356CA /* Photo.json */,
				C183B9CC23567DE3001356CA /* Info.plist */,
			);
			path = Tests;
			sourceTree = "<group>";
		};
		C183B9DD23568003001356CA /* Supporting Files */ = {
			isa = PBXGroup;
			children = (
				C183B9BF23567DE3001356CA /* unsplash_swift.h */,
				C183B9C023567DE3001356CA /* Info.plist */,
			);
			path = "Supporting Files";
			sourceTree = "<group>";
		};
		C183B9EA23568A0D001356CA /* Deployment */ = {
			isa = PBXGroup;
			children = (
				C11D3B902357B86C0042BEC8 /* README.md */,
				C183B9EB23568A21001356CA /* Package.resolved */,
				C183B9EC23568A21001356CA /* Package.swift */,
			);
			name = Deployment;
			sourceTree = "<group>";
		};
/* End PBXGroup section */

/* Begin PBXHeadersBuildPhase section */
		C183B9B723567DE3001356CA /* Headers */ = {
			isa = PBXHeadersBuildPhase;
			buildActionMask = 2147483647;
			files = (
				C183B9CD23567DE3001356CA /* unsplash_swift.h in Headers */,
			);
			runOnlyForDeploymentPostprocessing = 0;
		};
/* End PBXHeadersBuildPhase section */

/* Begin PBXNativeTarget section */
		C183B9BB23567DE3001356CA /* unsplash-swift */ = {
			isa = PBXNativeTarget;
			buildConfigurationList = C183B9D023567DE3001356CA /* Build configuration list for PBXNativeTarget "unsplash-swift" */;
			buildPhases = (
				C183B9B723567DE3001356CA /* Headers */,
				C183B9B823567DE3001356CA /* Sources */,
				C183B9B923567DE3001356CA /* Frameworks */,
				C183B9BA23567DE3001356CA /* Resources */,
			);
			buildRules = (
			);
			dependencies = (
			);
			name = "unsplash-swift";
			packageProductDependencies = (
				C183B9E12356820F001356CA /* Codable-Utils */,
			);
			productName = "unsplash-swift";
			productReference = C183B9BC23567DE3001356CA /* unsplash_swift.framework */;
			productType = "com.apple.product-type.framework";
		};
		C183B9C423567DE3001356CA /* unsplash-swiftTests */ = {
			isa = PBXNativeTarget;
			buildConfigurationList = C183B9D323567DE3001356CA /* Build configuration list for PBXNativeTarget "unsplash-swiftTests" */;
			buildPhases = (
				C183B9C123567DE3001356CA /* Sources */,
				C183B9C223567DE3001356CA /* Frameworks */,
				C183B9C323567DE3001356CA /* Resources */,
			);
			buildRules = (
			);
			dependencies = (
				C183B9C823567DE3001356CA /* PBXTargetDependency */,
			);
			name = "unsplash-swiftTests";
			productName = "unsplash-swiftTests";
			productReference = C183B9C523567DE3001356CA /* unsplash-swiftTests.xctest */;
			productType = "com.apple.product-type.bundle.unit-test";
		};
/* End PBXNativeTarget section */

/* Begin PBXProject section */
		C183B9B323567DE3001356CA /* Project object */ = {
			isa = PBXProject;
			attributes = {
				LastSwiftUpdateCheck = 1120;
				LastUpgradeCheck = 1120;
				ORGANIZATIONNAME = "jaime Laino Guerra";
				TargetAttributes = {
					C183B9BB23567DE3001356CA = {
						CreatedOnToolsVersion = 11.2;
					};
					C183B9C423567DE3001356CA = {
						CreatedOnToolsVersion = 11.2;
					};
				};
			};
			buildConfigurationList = C183B9B623567DE3001356CA /* Build configuration list for PBXProject "unsplash-swift" */;
			compatibilityVersion = "Xcode 9.3";
			developmentRegion = en;
			hasScannedForEncodings = 0;
			knownRegions = (
				en,
				Base,
			);
			mainGroup = C183B9B223567DE3001356CA;
			packageReferences = (
				C183B9E02356820F001356CA /* XCRemoteSwiftPackageReference "Codable-Utils" */,
			);
			productRefGroup = C183B9BD23567DE3001356CA /* Products */;
			projectDirPath = "";
			projectRoot = "";
			targets = (
				C183B9BB23567DE3001356CA /* unsplash-swift */,
				C183B9C423567DE3001356CA /* unsplash-swiftTests */,
			);
		};
/* End PBXProject section */

/* Begin PBXResourcesBuildPhase section */
		C183B9BA23567DE3001356CA /* Resources */ = {
			isa = PBXResourcesBuildPhase;
			buildActionMask = 2147483647;
			files = (
				C11D3B912357B86C0042BEC8 /* README.md in Resources */,
			);
			runOnlyForDeploymentPostprocessing = 0;
		};
		C183B9C323567DE3001356CA /* Resources */ = {
			isa = PBXResourcesBuildPhase;
			buildActionMask = 2147483647;
			files = (
				C183B9E42356823E001356CA /* Photo.json in Resources */,
			);
			runOnlyForDeploymentPostprocessing = 0;
		};
/* End PBXResourcesBuildPhase section */

/* Begin PBXSourcesBuildPhase section */
		C183B9B823567DE3001356CA /* Sources */ = {
			isa = PBXSourcesBuildPhase;
			buildActionMask = 2147483647;
			files = (
				C183B9DF23568030001356CA /* Unsplash.swift in Sources */,
			);
			runOnlyForDeploymentPostprocessing = 0;
		};
		C183B9C123567DE3001356CA /* Sources */ = {
			isa = PBXSourcesBuildPhase;
			buildActionMask = 2147483647;
			files = (
				C183B9CB23567DE3001356CA /* unsplash_swiftTests.swift in Sources */,
			);
			runOnlyForDeploymentPostprocessing = 0;
		};
/* End PBXSourcesBuildPhase section */

/* Begin PBXTargetDependency section */
		C183B9C823567DE3001356CA /* PBXTargetDependency */ = {
			isa = PBXTargetDependency;
			target = C183B9BB23567DE3001356CA /* unsplash-swift */;
			targetProxy = C183B9C723567DE3001356CA /* PBXContainerItemProxy */;
		};
/* End PBXTargetDependency section */

/* Begin XCBuildConfiguration section */
		C183B9CE23567DE3001356CA /* Debug */ = {
			isa = XCBuildConfiguration;
			buildSettings = {
				ALWAYS_SEARCH_USER_PATHS = NO;
				CLANG_ANALYZER_NONNULL = YES;
				CLANG_ANALYZER_NUMBER_OBJECT_CONVERSION = YES_AGGRESSIVE;
				CLANG_CXX_LANGUAGE_STANDARD = "gnu++14";
				CLANG_CXX_LIBRARY = "libc++";
				CLANG_ENABLE_MODULES = YES;
				CLANG_ENABLE_OBJC_ARC = YES;
				CLANG_ENABLE_OBJC_WEAK = YES;
				CLANG_WARN_BLOCK_CAPTURE_AUTORELEASING = YES;
				CLANG_WARN_BOOL_CONVERSION = YES;
				CLANG_WARN_COMMA = YES;
				CLANG_WARN_CONSTANT_CONVERSION = YES;
				CLANG_WARN_DEPRECATED_OBJC_IMPLEMENTATIONS = YES;
				CLANG_WARN_DIRECT_OBJC_ISA_USAGE = YES_ERROR;
				CLANG_WARN_DOCUMENTATION_COMMENTS = YES;
				CLANG_WARN_EMPTY_BODY = YES;
				CLANG_WARN_ENUM_CONVERSION = YES;
				CLANG_WARN_INFINITE_RECURSION = YES;
				CLANG_WARN_INT_CONVERSION = YES;
				CLANG_WARN_NON_LITERAL_NULL_CONVERSION = YES;
				CLANG_WARN_OBJC_IMPLICIT_RETAIN_SELF = YES;
				CLANG_WARN_OBJC_LITERAL_CONVERSION = YES;
				CLANG_WARN_OBJC_ROOT_CLASS = YES_ERROR;
				CLANG_WARN_RANGE_LOOP_ANALYSIS = YES;
				CLANG_WARN_STRICT_PROTOTYPES = YES;
				CLANG_WARN_SUSPICIOUS_MOVE = YES;
				CLANG_WARN_UNGUARDED_AVAILABILITY = YES_AGGRESSIVE;
				CLANG_WARN_UNREACHABLE_CODE = YES;
				CLANG_WARN__DUPLICATE_METHOD_MATCH = YES;
				COPY_PHASE_STRIP = NO;
				CURRENT_PROJECT_VERSION = 1;
				DEBUG_INFORMATION_FORMAT = dwarf;
				ENABLE_STRICT_OBJC_MSGSEND = YES;
				ENABLE_TESTABILITY = YES;
				GCC_C_LANGUAGE_STANDARD = gnu11;
				GCC_DYNAMIC_NO_PIC = NO;
				GCC_NO_COMMON_BLOCKS = YES;
				GCC_OPTIMIZATION_LEVEL = 0;
				GCC_PREPROCESSOR_DEFINITIONS = (
					"DEBUG=1",
					"$(inherited)",
				);
				GCC_WARN_64_TO_32_BIT_CONVERSION = YES;
				GCC_WARN_ABOUT_RETURN_TYPE = YES_ERROR;
				GCC_WARN_UNDECLARED_SELECTOR = YES;
				GCC_WARN_UNINITIALIZED_AUTOS = YES_AGGRESSIVE;
				GCC_WARN_UNUSED_FUNCTION = YES;
				GCC_WARN_UNUSED_VARIABLE = YES;
				IPHONEOS_DEPLOYMENT_TARGET = 12.0;
				MTL_ENABLE_DEBUG_INFO = INCLUDE_SOURCE;
				MTL_FAST_MATH = YES;
				ONLY_ACTIVE_ARCH = YES;
				SDKROOT = iphoneos;
				SWIFT_ACTIVE_COMPILATION_CONDITIONS = DEBUG;
				SWIFT_OPTIMIZATION_LEVEL = "-Onone";
				VERSIONING_SYSTEM = "apple-generic";
				VERSION_INFO_PREFIX = "";
			};
			name = Debug;
		};
		C183B9CF23567DE3001356CA /* Release */ = {
			isa = XCBuildConfiguration;
			buildSettings = {
				ALWAYS_SEARCH_USER_PATHS = NO;
				CLANG_ANALYZER_NONNULL = YES;
				CLANG_ANALYZER_NUMBER_OBJECT_CONVERSION = YES_AGGRESSIVE;
				CLANG_CXX_LANGUAGE_STANDARD = "gnu++14";
				CLANG_CXX_LIBRARY = "libc++";
				CLANG_ENABLE_MODULES = YES;
				CLANG_ENABLE_OBJC_ARC = YES;
				CLANG_ENABLE_OBJC_WEAK = YES;
				CLANG_WARN_BLOCK_CAPTURE_AUTORELEASING = YES;
				CLANG_WARN_BOOL_CONVERSION = YES;
				CLANG_WARN_COMMA = YES;
				CLANG_WARN_CONSTANT_CONVERSION = YES;
				CLANG_WARN_DEPRECATED_OBJC_IMPLEMENTATIONS = YES;
				CLANG_WARN_DIRECT_OBJC_ISA_USAGE = YES_ERROR;
				CLANG_WARN_DOCUMENTATION_COMMENTS = YES;
				CLANG_WARN_EMPTY_BODY = YES;
				CLANG_WARN_ENUM_CONVERSION = YES;
				CLANG_WARN_INFINITE_RECURSION = YES;
				CLANG_WARN_INT_CONVERSION = YES;
				CLANG_WARN_NON_LITERAL_NULL_CONVERSION = YES;
				CLANG_WARN_OBJC_IMPLICIT_RETAIN_SELF = YES;
				CLANG_WARN_OBJC_LITERAL_CONVERSION = YES;
				CLANG_WARN_OBJC_ROOT_CLASS = YES_ERROR;
				CLANG_WARN_RANGE_LOOP_ANALYSIS = YES;
				CLANG_WARN_STRICT_PROTOTYPES = YES;
				CLANG_WARN_SUSPICIOUS_MOVE = YES;
				CLANG_WARN_UNGUARDED_AVAILABILITY = YES_AGGRESSIVE;
				CLANG_WARN_UNREACHABLE_CODE = YES;
				CLANG_WARN__DUPLICATE_METHOD_MATCH = YES;
				COPY_PHASE_STRIP = NO;
				CURRENT_PROJECT_VERSION = 1;
				DEBUG_INFORMATION_FORMAT = "dwarf-with-dsym";
				ENABLE_NS_ASSERTIONS = NO;
				ENABLE_STRICT_OBJC_MSGSEND = YES;
				GCC_C_LANGUAGE_STANDARD = gnu11;
				GCC_NO_COMMON_BLOCKS = YES;
				GCC_WARN_64_TO_32_BIT_CONVERSION = YES;
				GCC_WARN_ABOUT_RETURN_TYPE = YES_ERROR;
				GCC_WARN_UNDECLARED_SELECTOR = YES;
				GCC_WARN_UNINITIALIZED_AUTOS = YES_AGGRESSIVE;
				GCC_WARN_UNUSED_FUNCTION = YES;
				GCC_WARN_UNUSED_VARIABLE = YES;
				IPHONEOS_DEPLOYMENT_TARGET = 12.0;
				MTL_ENABLE_DEBUG_INFO = NO;
				MTL_FAST_MATH = YES;
				SDKROOT = iphoneos;
				SWIFT_COMPILATION_MODE = wholemodule;
				SWIFT_OPTIMIZATION_LEVEL = "-O";
				VALIDATE_PRODUCT = YES;
				VERSIONING_SYSTEM = "apple-generic";
				VERSION_INFO_PREFIX = "";
			};
			name = Release;
		};
		C183B9D123567DE3001356CA /* Debug */ = {
			isa = XCBuildConfiguration;
			buildSettings = {
				CODE_SIGN_STYLE = Automatic;
				DEFINES_MODULE = YES;
				DEVELOPMENT_TEAM = 582KA2Z443;
				DYLIB_COMPATIBILITY_VERSION = 1;
				DYLIB_CURRENT_VERSION = 1;
				DYLIB_INSTALL_NAME_BASE = "@rpath";
				INFOPLIST_FILE = "Source/Supporting Files/Info.plist";
				INSTALL_PATH = "$(LOCAL_LIBRARY_DIR)/Frameworks";
				IPHONEOS_DEPLOYMENT_TARGET = 12.0;
				LD_RUNPATH_SEARCH_PATHS = (
					"$(inherited)",
					"@executable_path/Frameworks",
					"@loader_path/Frameworks",
				);
				PRODUCT_BUNDLE_IDENTIFIER = "com.JLainoG.unsplash-swift";
				PRODUCT_NAME = "$(TARGET_NAME:c99extidentifier)";
				SKIP_INSTALL = YES;
				SUPPORTS_MACCATALYST = NO;
				SWIFT_VERSION = 5.0;
				TARGETED_DEVICE_FAMILY = "1,2";
			};
			name = Debug;
		};
		C183B9D223567DE3001356CA /* Release */ = {
			isa = XCBuildConfiguration;
			buildSettings = {
				CODE_SIGN_STYLE = Automatic;
				DEFINES_MODULE = YES;
				DEVELOPMENT_TEAM = 582KA2Z443;
				DYLIB_COMPATIBILITY_VERSION = 1;
				DYLIB_CURRENT_VERSION = 1;
				DYLIB_INSTALL_NAME_BASE = "@rpath";
				INFOPLIST_FILE = "Source/Supporting Files/Info.plist";
				INSTALL_PATH = "$(LOCAL_LIBRARY_DIR)/Frameworks";
				IPHONEOS_DEPLOYMENT_TARGET = 12.0;
				LD_RUNPATH_SEARCH_PATHS = (
					"$(inherited)",
					"@executable_path/Frameworks",
					"@loader_path/Frameworks",
				);
				PRODUCT_BUNDLE_IDENTIFIER = "com.JLainoG.unsplash-swift";
				PRODUCT_NAME = "$(TARGET_NAME:c99extidentifier)";
				SKIP_INSTALL = YES;
				SUPPORTS_MACCATALYST = NO;
				SWIFT_VERSION = 5.0;
				TARGETED_DEVICE_FAMILY = "1,2";
			};
			name = Release;
		};
		C183B9D423567DE3001356CA /* Debug */ = {
			isa = XCBuildConfiguration;
			buildSettings = {
				ALWAYS_EMBED_SWIFT_STANDARD_LIBRARIES = YES;
				CODE_SIGN_STYLE = Automatic;
				DEVELOPMENT_TEAM = 582KA2Z443;
				INFOPLIST_FILE = Tests/Info.plist;
				IPHONEOS_DEPLOYMENT_TARGET = 12.0;
				LD_RUNPATH_SEARCH_PATHS = (
					"$(inherited)",
					"@executable_path/Frameworks",
					"@loader_path/Frameworks",
				);
				PRODUCT_BUNDLE_IDENTIFIER = "JLainoG.unsplash-swiftTests";
				PRODUCT_NAME = "$(TARGET_NAME)";
				SWIFT_VERSION = 5.0;
				TARGETED_DEVICE_FAMILY = "1,2";
			};
			name = Debug;
		};
		C183B9D523567DE3001356CA /* Release */ = {
			isa = XCBuildConfiguration;
			buildSettings = {
				ALWAYS_EMBED_SWIFT_STANDARD_LIBRARIES = YES;
				CODE_SIGN_STYLE = Automatic;
				DEVELOPMENT_TEAM = 582KA2Z443;
				INFOPLIST_FILE = Tests/Info.plist;
				IPHONEOS_DEPLOYMENT_TARGET = 12.0;
				LD_RUNPATH_SEARCH_PATHS = (
					"$(inherited)",
					"@executable_path/Frameworks",
					"@loader_path/Frameworks",
				);
				PRODUCT_BUNDLE_IDENTIFIER = "JLainoG.unsplash-swiftTests";
				PRODUCT_NAME = "$(TARGET_NAME)";
				SWIFT_VERSION = 5.0;
				TARGETED_DEVICE_FAMILY = "1,2";
			};
			name = Release;
		};
/* End XCBuildConfiguration section */

/* Begin XCConfigurationList section */
		C183B9B623567DE3001356CA /* Build configuration list for PBXProject "unsplash-swift" */ = {
			isa = XCConfigurationList;
			buildConfigurations = (
				C183B9CE23567DE3001356CA /* Debug */,
				C183B9CF23567DE3001356CA /* Release */,
			);
			defaultConfigurationIsVisible = 0;
			defaultConfigurationName = Release;
		};
		C183B9D023567DE3001356CA /* Build configuration list for PBXNativeTarget "unsplash-swift" */ = {
			isa = XCConfigurationList;
			buildConfigurations = (
				C183B9D123567DE3001356CA /* Debug */,
				C183B9D223567DE3001356CA /* Release */,
			);
			defaultConfigurationIsVisible = 0;
			defaultConfigurationName = Release;
		};
		C183B9D323567DE3001356CA /* Build configuration list for PBXNativeTarget "unsplash-swiftTests" */ = {
			isa = XCConfigurationList;
			buildConfigurations = (
				C183B9D423567DE3001356CA /* Debug */,
				C183B9D523567DE3001356CA /* Release */,
			);
			defaultConfigurationIsVisible = 0;
			defaultConfigurationName = Release;
		};
/* End XCConfigurationList section */

/* Begin XCRemoteSwiftPackageReference section */
		C183B9E02356820F001356CA /* XCRemoteSwiftPackageReference "Codable-Utils" */ = {
			isa = XCRemoteSwiftPackageReference;
			repositoryURL = "https://github.com/jlainog/Codable-Utils.git";
			requirement = {
				kind = upToNextMajorVersion;
				minimumVersion = 0.0.2;
			};
		};
/* End XCRemoteSwiftPackageReference section */

/* Begin XCSwiftPackageProductDependency section */
		C183B9E12356820F001356CA /* Codable-Utils */ = {
			isa = XCSwiftPackageProductDependency;
			package = C183B9E02356820F001356CA /* XCRemoteSwiftPackageReference "Codable-Utils" */;
			productName = "Codable-Utils";
		};
/* End XCSwiftPackageProductDependency section */
	};
	rootObject = C183B9B323567DE3001356CA /* Project object */;
}
